
Microsoft Visual Studio Solution File, Format Version 12.00
# Visual Studio Version 17
VisualStudioVersion = 17.7.34009.444
MinimumVisualStudioVersion = 10.0.40219.1
Project("{888888A0-9F3D-457C-B088-3A5042F75D52}") = "Rectangle", "Rectangle.pyproj", "{3822EBEA-EAB5-44F4-B15C-B5359DD9930E}"
EndProject
Global
	GlobalSection(SolutionConfigurationPlatforms) = preSolution
		Debug|Any CPU = Debug|Any CPU
		Release|Any CPU = Release|Any CPU
	EndGlobalSection
	GlobalSection(ProjectConfigurationPlatforms) = postSolution
		{3822EBEA-EAB5-44F4-B15C-B5359DD9930E}.Debug|Any CPU.ActiveCfg = Debug|Any CPU
		{3822EBEA-EAB5-44F4-B15C-B5359DD9930E}.Release|Any CPU.ActiveCfg = Release|Any CPU
	EndGlobalSection
	GlobalSection(SolutionProperties) = preSolution
		HideSolutionNode = FALSE
	EndGlobalSection
	GlobalSection(ExtensibilityGlobals) = postSolution
		SolutionGuid = {D49C67BC-14DB-4C7E-8644-32A10A7D8587}
	EndGlobalSection
EndGlobal
